
Microsoft Visual Studio Solution File, Format Version 12.00
# Visual Studio 15
Project("{FAE04EC0-301F-11D3-BF4B-00C04F79EFBC}") = "GMV.UI", "GMV.UI.csproj", "{EB482B53-2BFC-C3B7-15FB-F96AA0DAD7BF}"
EndProject
Project("{FAE04EC0-301F-11D3-BF4B-00C04F79EFBC}") = "GMV.Core", "GMV.Core.csproj", "{3AA92849-4707-604F-814B-7396408CE082}"
EndProject
Global
	GlobalSection(SolutionConfigurationPlatforms) = preSolution
		Debug|Any CPU = Debug|Any CPU
		Release|Any CPU = Release|Any CPU
	EndGlobalSection
	GlobalSection(ProjectConfigurationPlatforms) = postSolution
		{EB482B53-2BFC-C3B7-15FB-F96AA0DAD7BF}.Debug|Any CPU.ActiveCfg = Debug|Any CPU
		{EB482B53-2BFC-C3B7-15FB-F96AA0DAD7BF}.Debug|Any CPU.Build.0 = Debug|Any CPU
		{EB482B53-2BFC-C3B7-15FB-F96AA0DAD7BF}.Release|Any CPU.ActiveCfg = Release|Any CPU
		{EB482B53-2BFC-C3B7-15FB-F96AA0DAD7BF}.Release|Any CPU.Build.0 = Release|Any CPU
		{3AA92849-4707-604F-814B-7396408CE082}.Debug|Any CPU.ActiveCfg = Debug|Any CPU
		{3AA92849-4707-604F-814B-7396408CE082}.Debug|Any CPU.Build.0 = Debug|Any CPU
		{3AA92849-4707-604F-814B-7396408CE082}.Release|Any CPU.ActiveCfg = Release|Any CPU
		{3AA92849-4707-604F-814B-7396408CE082}.Release|Any CPU.Build.0 = Release|Any CPU
	EndGlobalSection
	GlobalSection(SolutionProperties) = preSolution
		HideSolutionNode = FALSE
	EndGlobalSection
EndGlobal
